<Solution>
  <Project Path="Account/Account.csproj" Id="06ea395b-1665-4170-b0e0-f53739e25dce" />
  <Project Path="Bonus Task - Lecture 4/Bonus Task - Lecture 4.csproj" />
  <Project Path="Duplicate Numbers Check Program/Duplicate Numbers Check Program.csproj" Id="651ffd41-4227-49f5-a4e1-d127bd69267c" />
  <Project Path="Vowels Check1/Vowels Check1.csproj" Id="006389a6-d312-4bdf-a5f6-5494fc5bf26e" />
</Solution>
